
Microsoft Visual Studio Solution File, Format Version 12.00
# Visual Studio Version 17
VisualStudioVersion = 17.6.33815.320
MinimumVisualStudioVersion = 10.0.40219.1
Project("{FAE04EC0-301F-11D3-BF4B-00C04F79EFBC}") = "Strings", "Strings\Strings.csproj", "{17C11DA9-C392-48AC-96E9-24A16922A706}"
EndProject
Global
	GlobalSection(SolutionConfigurationPlatforms) = preSolution
		Debug|Any CPU = Debug|Any CPU
		Release|Any CPU = Release|Any CPU
	EndGlobalSection
	GlobalSection(ProjectConfigurationPlatforms) = postSolution
		{17C11DA9-C392-48AC-96E9-24A16922A706}.Debug|Any CPU.ActiveCfg = Debug|Any CPU
		{17C11DA9-C392-48AC-96E9-24A16922A706}.Debug|Any CPU.Build.0 = Debug|Any CPU
		{17C11DA9-C392-48AC-96E9-24A16922A706}.Release|Any CPU.ActiveCfg = Release|Any CPU
		{17C11DA9-C392-48AC-96E9-24A16922A706}.Release|Any CPU.Build.0 = Release|Any CPU
	EndGlobalSection
	GlobalSection(SolutionProperties) = preSolution
		HideSolutionNode = FALSE
	EndGlobalSection
	GlobalSection(ExtensibilityGlobals) = postSolution
		SolutionGuid = {6BB0BE03-D966-4B78-A0D9-84727DD42DB6}
	EndGlobalSection
EndGlobal
